GEM
  specs:
    htmg (0.1.0)
    nio4r (2.7.4)
    puma (6.5.0)
      nio4r (~> 2.0)
    rack (3.1.8)
    rackup (2.2.1)
      rack (>= 3)
    roda (3.88.0)
      rack
    tilt (2.5.0)

PLATFORMS
  ruby
  x86_64-linux

DEPENDENCIES
  htmg (~> 0.1.0)
  puma (~> 6.5)
  rackup (~> 2.2)
  roda (~> 3.88)
  tilt (~> 2.5)

BUNDLED WITH
   2.6.2
